
Microsoft Visual Studio Solution File, Format Version 12.00
# Visual Studio Version 17
VisualStudioVersion = 17.3.32901.215
MinimumVisualStudioVersion = 10.0.40219.1
Project("{9A19103F-16F7-4668-BE54-9A1E7A4F7556}") = "EmployeeManagement", "EmployeeManagement\EmployeeManagement.csproj", "{F48EEE48-E880-46C9-93EA-9811DC3F9B71}"
EndProject
Project("{9A19103F-16F7-4668-BE54-9A1E7A4F7556}") = "EmployeeManagement.Models", "EmployeeManagement.Models\EmployeeManagement.Models.csproj", "{C707AF1E-DB5D-48ED-BEB3-DAD2B668A7C7}"
EndProject
Project("{9A19103F-16F7-4668-BE54-9A1E7A4F7556}") = "EmployeeManagement.Data", "EmployeeManagement.Data\EmployeeManagement.Data.csproj", "{3D3DE7DD-EBFF-4CA4-A3B2-9D9ABD27D056}"
EndProject
Project("{9A19103F-16F7-4668-BE54-9A1E7A4F7556}") = "EmployeeManagement.Repositories", "EmployeeManagement.Repositories\EmployeeManagement.Repositories.csproj", "{259479E8-7C76-442E-AFA8-2492FD0ABB54}"
EndProject
Project("{9A19103F-16F7-4668-BE54-9A1E7A4F7556}") = "EmployeeManagement.Api", "EmployeeManagement.Api\EmployeeManagement.Api.csproj", "{5AD4BC62-4E1C-40B5-9885-615BD3A5346F}"
EndProject
Global
	GlobalSection(SolutionConfigurationPlatforms) = preSolution
		Debug|Any CPU = Debug|Any CPU
		Release|Any CPU = Release|Any CPU
	EndGlobalSection
	GlobalSection(ProjectConfigurationPlatforms) = postSolution
		{F48EEE48-E880-46C9-93EA-9811DC3F9B71}.Debug|Any CPU.ActiveCfg = Debug|Any CPU
		{F48EEE48-E880-46C9-93EA-9811DC3F9B71}.Debug|Any CPU.Build.0 = Debug|Any CPU
		{F48EEE48-E880-46C9-93EA-9811DC3F9B71}.Release|Any CPU.ActiveCfg = Release|Any CPU
		{F48EEE48-E880-46C9-93EA-9811DC3F9B71}.Release|Any CPU.Build.0 = Release|Any CPU
		{C707AF1E-DB5D-48ED-BEB3-DAD2B668A7C7}.Debug|Any CPU.ActiveCfg = Debug|Any CPU
		{C707AF1E-DB5D-48ED-BEB3-DAD2B668A7C7}.Debug|Any CPU.Build.0 = Debug|Any CPU
		{C707AF1E-DB5D-48ED-BEB3-DAD2B668A7C7}.Release|Any CPU.ActiveCfg = Release|Any CPU
		{C707AF1E-DB5D-48ED-BEB3-DAD2B668A7C7}.Release|Any CPU.Build.0 = Release|Any CPU
		{3D3DE7DD-EBFF-4CA4-A3B2-9D9ABD27D056}.Debug|Any CPU.ActiveCfg = Debug|Any CPU
		{3D3DE7DD-EBFF-4CA4-A3B2-9D9ABD27D056}.Debug|Any CPU.Build.0 = Debug|Any CPU
		{3D3DE7DD-EBFF-4CA4-A3B2-9D9ABD27D056}.Release|Any CPU.ActiveCfg = Release|Any CPU
		{3D3DE7DD-EBFF-4CA4-A3B2-9D9ABD27D056}.Release|Any CPU.Build.0 = Release|Any CPU
		{259479E8-7C76-442E-AFA8-2492FD0ABB54}.Debug|Any CPU.ActiveCfg = Debug|Any CPU
		{259479E8-7C76-442E-AFA8-2492FD0ABB54}.Debug|Any CPU.Build.0 = Debug|Any CPU
		{259479E8-7C76-442E-AFA8-2492FD0ABB54}.Release|Any CPU.ActiveCfg = Release|Any CPU
		{259479E8-7C76-442E-AFA8-2492FD0ABB54}.Release|Any CPU.Build.0 = Release|Any CPU
		{5AD4BC62-4E1C-40B5-9885-615BD3A5346F}.Debug|Any CPU.ActiveCfg = Debug|Any CPU
		{5AD4BC62-4E1C-40B5-9885-615BD3A5346F}.Debug|Any CPU.Build.0 = Debug|Any CPU
		{5AD4BC62-4E1C-40B5-9885-615BD3A5346F}.Release|Any CPU.ActiveCfg = Release|Any CPU
		{5AD4BC62-4E1C-40B5-9885-615BD3A5346F}.Release|Any CPU.Build.0 = Release|Any CPU
	EndGlobalSection
	GlobalSection(SolutionProperties) = preSolution
		HideSolutionNode = FALSE
	EndGlobalSection
	GlobalSection(ExtensibilityGlobals) = postSolution
		SolutionGuid = {1C42E210-3EE9-4790-8F19-BC8867A8A1D0}
	EndGlobalSection
EndGlobal
